
Microsoft Visual Studio Solution File, Format Version 12.00
# Visual Studio Version 17
VisualStudioVersion = 17.0.31612.314
MinimumVisualStudioVersion = 10.0.40219.1
Project("{9A19103F-16F7-4668-BE54-9A1E7A4F7556}") = "SmsMicroservice", "SmsMicroservice\SmsMicroservice.csproj", "{FE4EA363-4F16-46D0-94EF-C9371B14253F}"
EndProject
Project("{9A19103F-16F7-4668-BE54-9A1E7A4F7556}") = "MessageComponets", "MessageComponets\MessageComponets.csproj", "{AA6903FB-C1E4-483A-A774-20862E231320}"
EndProject
Project("{9A19103F-16F7-4668-BE54-9A1E7A4F7556}") = "MessageContracts", "MessageContracts\MessageContracts.csproj", "{6EB48890-92F2-4C15-8752-055BDFEBA7A8}"
EndProject
Project("{FAE04EC0-301F-11D3-BF4B-00C04F79EFBC}") = "DataAccessLayer", "DataAccessLayer\DataAccessLayer.csproj", "{A5C7023E-9F25-4330-91DF-C926C67A3B90}"
EndProject
Project("{FAE04EC0-301F-11D3-BF4B-00C04F79EFBC}") = "SmsMicroserviceTests", "SmsMicroserviceTests\SmsMicroserviceTests.csproj", "{DF087872-4077-43B9-9631-546E39DFF6DB}"
EndProject
Global
	GlobalSection(SolutionConfigurationPlatforms) = preSolution
		Debug|Any CPU = Debug|Any CPU
		Release|Any CPU = Release|Any CPU
	EndGlobalSection
	GlobalSection(ProjectConfigurationPlatforms) = postSolution
		{FE4EA363-4F16-46D0-94EF-C9371B14253F}.Debug|Any CPU.ActiveCfg = Debug|Any CPU
		{FE4EA363-4F16-46D0-94EF-C9371B14253F}.Debug|Any CPU.Build.0 = Debug|Any CPU
		{FE4EA363-4F16-46D0-94EF-C9371B14253F}.Release|Any CPU.ActiveCfg = Release|Any CPU
		{FE4EA363-4F16-46D0-94EF-C9371B14253F}.Release|Any CPU.Build.0 = Release|Any CPU
		{AA6903FB-C1E4-483A-A774-20862E231320}.Debug|Any CPU.ActiveCfg = Debug|Any CPU
		{AA6903FB-C1E4-483A-A774-20862E231320}.Debug|Any CPU.Build.0 = Debug|Any CPU
		{AA6903FB-C1E4-483A-A774-20862E231320}.Release|Any CPU.ActiveCfg = Release|Any CPU
		{AA6903FB-C1E4-483A-A774-20862E231320}.Release|Any CPU.Build.0 = Release|Any CPU
		{6EB48890-92F2-4C15-8752-055BDFEBA7A8}.Debug|Any CPU.ActiveCfg = Debug|Any CPU
		{6EB48890-92F2-4C15-8752-055BDFEBA7A8}.Debug|Any CPU.Build.0 = Debug|Any CPU
		{6EB48890-92F2-4C15-8752-055BDFEBA7A8}.Release|Any CPU.ActiveCfg = Release|Any CPU
		{6EB48890-92F2-4C15-8752-055BDFEBA7A8}.Release|Any CPU.Build.0 = Release|Any CPU
		{A5C7023E-9F25-4330-91DF-C926C67A3B90}.Debug|Any CPU.ActiveCfg = Debug|Any CPU
		{A5C7023E-9F25-4330-91DF-C926C67A3B90}.Debug|Any CPU.Build.0 = Debug|Any CPU
		{A5C7023E-9F25-4330-91DF-C926C67A3B90}.Release|Any CPU.ActiveCfg = Release|Any CPU
		{A5C7023E-9F25-4330-91DF-C926C67A3B90}.Release|Any CPU.Build.0 = Release|Any CPU
		{DF087872-4077-43B9-9631-546E39DFF6DB}.Debug|Any CPU.ActiveCfg = Debug|Any CPU
		{DF087872-4077-43B9-9631-546E39DFF6DB}.Debug|Any CPU.Build.0 = Debug|Any CPU
		{DF087872-4077-43B9-9631-546E39DFF6DB}.Release|Any CPU.ActiveCfg = Release|Any CPU
		{DF087872-4077-43B9-9631-546E39DFF6DB}.Release|Any CPU.Build.0 = Release|Any CPU
	EndGlobalSection
	GlobalSection(SolutionProperties) = preSolution
		HideSolutionNode = FALSE
	EndGlobalSection
	GlobalSection(ExtensibilityGlobals) = postSolution
		SolutionGuid = {B4FABEF1-B2DD-4592-8E5E-1EB1CF8C74B0}
	EndGlobalSection
EndGlobal
